
Microsoft Visual Studio Solution File, Format Version 12.00
# Visual Studio 15
VisualStudioVersion = 15.0.27130.2027
MinimumVisualStudioVersion = 10.0.40219.1
Project("{FAE04EC0-301F-11D3-BF4B-00C04F79EFBC}") = "GetFilesToPostgres", "GetFilesToPostgres.csproj", "{5C55C0CD-9260-4465-85CE-1BFE4B9211D4}"
EndProject
Global
	GlobalSection(SolutionConfigurationPlatforms) = preSolution
		Debug|Any CPU = Debug|Any CPU
		Release|Any CPU = Release|Any CPU
	EndGlobalSection
	GlobalSection(ProjectConfigurationPlatforms) = postSolution
		{5C55C0CD-9260-4465-85CE-1BFE4B9211D4}.Debug|Any CPU.ActiveCfg = Debug|Any CPU
		{5C55C0CD-9260-4465-85CE-1BFE4B9211D4}.Debug|Any CPU.Build.0 = Debug|Any CPU
		{5C55C0CD-9260-4465-85CE-1BFE4B9211D4}.Release|Any CPU.ActiveCfg = Release|Any CPU
		{5C55C0CD-9260-4465-85CE-1BFE4B9211D4}.Release|Any CPU.Build.0 = Release|Any CPU
	EndGlobalSection
	GlobalSection(SolutionProperties) = preSolution
		HideSolutionNode = FALSE
	EndGlobalSection
	GlobalSection(ExtensibilityGlobals) = postSolution
		SolutionGuid = {E54F3AD9-8011-4C61-83D8-DD32F91BAF60}
	EndGlobalSection
EndGlobal
